
Microsoft Visual Studio Solution File, Format Version 12.00
# Visual Studio Version 16
VisualStudioVersion = 16.0.31729.503
MinimumVisualStudioVersion = 10.0.40219.1
Project("{FAE04EC0-301F-11D3-BF4B-00C04F79EFBC}") = "WebApp", "WebApp\WebApp.csproj", "{FBFA3475-CEF2-4509-9559-04890844060E}"
EndProject
Global
	GlobalSection(SolutionConfigurationPlatforms) = preSolution
		Debug|Any CPU = Debug|Any CPU
		Release|Any CPU = Release|Any CPU
	EndGlobalSection
	GlobalSection(ProjectConfigurationPlatforms) = postSolution
		{FBFA3475-CEF2-4509-9559-04890844060E}.Debug|Any CPU.ActiveCfg = Debug|Any CPU
		{FBFA3475-CEF2-4509-9559-04890844060E}.Debug|Any CPU.Build.0 = Debug|Any CPU
		{FBFA3475-CEF2-4509-9559-04890844060E}.Release|Any CPU.ActiveCfg = Release|Any CPU
		{FBFA3475-CEF2-4509-9559-04890844060E}.Release|Any CPU.Build.0 = Release|Any CPU
	EndGlobalSection
	GlobalSection(SolutionProperties) = preSolution
		HideSolutionNode = FALSE
	EndGlobalSection
	GlobalSection(ExtensibilityGlobals) = postSolution
		SolutionGuid = {5B829051-D04D-430F-A907-F9A553673AF3}
	EndGlobalSection
EndGlobal
